
Microsoft Visual Studio Solution File, Format Version 12.00
# Visual Studio Version 17
VisualStudioVersion = 17.14.36414.22
MinimumVisualStudioVersion = 10.0.40219.1
Project("{2150E333-8FDC-42A3-9474-1A3956D46DE8}") = "infra", "infra", "{9697480F-7E2F-449A-A339-9833CE04608C}"
	ProjectSection(SolutionItems) = preProject
		flexibleserver.bicep = flexibleserver.bicep
	EndProjectSection
EndProject
Project("{2150E333-8FDC-42A3-9474-1A3956D46DE8}") = "Identity.Api", "Identity.Api", "{C25E6CC6-5149-4AE3-84F9-3E05DB483F38}"
EndProject
Project("{2150E333-8FDC-42A3-9474-1A3956D46DE8}") = "Infrastructure", "Infrastructure", "{14840F9E-D49F-4DD2-ABD7-FA5AD285DB53}"
EndProject
Project("{2150E333-8FDC-42A3-9474-1A3956D46DE8}") = "Application", "Application", "{CBBF4D08-9C3F-4ED8-B228-549DF70DA8C8}"
EndProject
Project("{2150E333-8FDC-42A3-9474-1A3956D46DE8}") = "Domain", "Domain", "{5DCB00EA-268F-4C93-8C77-7177DD3B64DE}"
EndProject
Project("{FAE04EC0-301F-11D3-BF4B-00C04F79EFBC}") = "Application", "src\Application\Application.csproj", "{F80C4E72-27A0-12B5-0634-DD5C11CFB0C1}"
EndProject
Project("{FAE04EC0-301F-11D3-BF4B-00C04F79EFBC}") = "Domain", "src\Domain\Domain.csproj", "{E528BBC3-1C26-8C35-F682-23718816ADCD}"
EndProject
Project("{FAE04EC0-301F-11D3-BF4B-00C04F79EFBC}") = "Infrastructure", "src\Infrastructure\Infrastructure.csproj", "{5872AEB3-BAA3-FE31-B0EB-0FB6DBEDCF83}"
EndProject
Project("{FAE04EC0-301F-11D3-BF4B-00C04F79EFBC}") = "Games.Api", "src\Games.Api\Games.Api.csproj", "{4FCE68BB-F497-8AA1-DB5F-DEE83DB06035}"
EndProject
Project("{FAE04EC0-301F-11D3-BF4B-00C04F79EFBC}") = "Identity.Api", "src\Identity.Api\Identity.Api.csproj", "{099B16E2-B029-770B-F661-D2EC1AF56156}"
EndProject
Project("{2150E333-8FDC-42A3-9474-1A3956D46DE8}") = "src", "src", "{51202C1F-1C07-42CB-BCC4-D64FD9451A91}"
EndProject
Project("{2150E333-8FDC-42A3-9474-1A3956D46DE8}") = "tests", "tests", "{02EA681E-C7D8-13C7-8484-4AC65E1B71E8}"
EndProject
Project("{2150E333-8FDC-42A3-9474-1A3956D46DE8}") = "Inftastructure.Tests", "Inftastructure.Tests", "{06E0F3F0-33B2-46E4-8157-DDC1FFD00602}"
EndProject
Project("{FAE04EC0-301F-11D3-BF4B-00C04F79EFBC}") = "Infrastructure.Tests", "tests\Infrastructure.Tests\Infrastructure.Tests.csproj", "{BA177DBB-B92C-4288-B93C-9F82CADE6647}"
EndProject
Project("{2150E333-8FDC-42A3-9474-1A3956D46DE8}") = "Games.Api", "Games.Api", "{B3154D0A-A228-4018-8E0A-C4D4CA52E690}"
EndProject
Project("{FAE04EC0-301F-11D3-BF4B-00C04F79EFBC}") = "Scriptorium.Tests", "tests\Scriptorium.Tests\Scriptorium.Tests.csproj", "{A0CC4358-4F51-449F-A837-942D46702698}"
EndProject
Global
	GlobalSection(SolutionConfigurationPlatforms) = preSolution
		Debug|Any CPU = Debug|Any CPU
		Debug|x64 = Debug|x64
		Debug|x86 = Debug|x86
		Release|Any CPU = Release|Any CPU
		Release|x64 = Release|x64
		Release|x86 = Release|x86
	EndGlobalSection
	GlobalSection(ProjectConfigurationPlatforms) = postSolution
		{F80C4E72-27A0-12B5-0634-DD5C11CFB0C1}.Debug|Any CPU.ActiveCfg = Debug|Any CPU
		{F80C4E72-27A0-12B5-0634-DD5C11CFB0C1}.Debug|Any CPU.Build.0 = Debug|Any CPU
		{F80C4E72-27A0-12B5-0634-DD5C11CFB0C1}.Debug|x64.ActiveCfg = Debug|Any CPU
		{F80C4E72-27A0-12B5-0634-DD5C11CFB0C1}.Debug|x64.Build.0 = Debug|Any CPU
		{F80C4E72-27A0-12B5-0634-DD5C11CFB0C1}.Debug|x86.ActiveCfg = Debug|Any CPU
		{F80C4E72-27A0-12B5-0634-DD5C11CFB0C1}.Debug|x86.Build.0 = Debug|Any CPU
		{F80C4E72-27A0-12B5-0634-DD5C11CFB0C1}.Release|Any CPU.ActiveCfg = Release|Any CPU
		{F80C4E72-27A0-12B5-0634-DD5C11CFB0C1}.Release|Any CPU.Build.0 = Release|Any CPU
		{F80C4E72-27A0-12B5-0634-DD5C11CFB0C1}.Release|x64.ActiveCfg = Release|Any CPU
		{F80C4E72-27A0-12B5-0634-DD5C11CFB0C1}.Release|x64.Build.0 = Release|Any CPU
		{F80C4E72-27A0-12B5-0634-DD5C11CFB0C1}.Release|x86.ActiveCfg = Release|Any CPU
		{F80C4E72-27A0-12B5-0634-DD5C11CFB0C1}.Release|x86.Build.0 = Release|Any CPU
		{E528BBC3-1C26-8C35-F682-23718816ADCD}.Debug|Any CPU.ActiveCfg = Debug|Any CPU
		{E528BBC3-1C26-8C35-F682-23718816ADCD}.Debug|Any CPU.Build.0 = Debug|Any CPU
		{E528BBC3-1C26-8C35-F682-23718816ADCD}.Debug|x64.ActiveCfg = Debug|Any CPU
		{E528BBC3-1C26-8C35-F682-23718816ADCD}.Debug|x64.Build.0 = Debug|Any CPU
		{E528BBC3-1C26-8C35-F682-23718816ADCD}.Debug|x86.ActiveCfg = Debug|Any CPU
		{E528BBC3-1C26-8C35-F682-23718816ADCD}.Debug|x86.Build.0 = Debug|Any CPU
		{E528BBC3-1C26-8C35-F682-23718816ADCD}.Release|Any CPU.ActiveCfg = Release|Any CPU
		{E528BBC3-1C26-8C35-F682-23718816ADCD}.Release|Any CPU.Build.0 = Release|Any CPU
		{E528BBC3-1C26-8C35-F682-23718816ADCD}.Release|x64.ActiveCfg = Release|Any CPU
		{E528BBC3-1C26-8C35-F682-23718816ADCD}.Release|x64.Build.0 = Release|Any CPU
		{E528BBC3-1C26-8C35-F682-23718816ADCD}.Release|x86.ActiveCfg = Release|Any CPU
		{E528BBC3-1C26-8C35-F682-23718816ADCD}.Release|x86.Build.0 = Release|Any CPU
		{5872AEB3-BAA3-FE31-B0EB-0FB6DBEDCF83}.Debug|Any CPU.ActiveCfg = Debug|Any CPU
		{5872AEB3-BAA3-FE31-B0EB-0FB6DBEDCF83}.Debug|Any CPU.Build.0 = Debug|Any CPU
		{5872AEB3-BAA3-FE31-B0EB-0FB6DBEDCF83}.Debug|x64.ActiveCfg = Debug|Any CPU
		{5872AEB3-BAA3-FE31-B0EB-0FB6DBEDCF83}.Debug|x64.Build.0 = Debug|Any CPU
		{5872AEB3-BAA3-FE31-B0EB-0FB6DBEDCF83}.Debug|x86.ActiveCfg = Debug|Any CPU
		{5872AEB3-BAA3-FE31-B0EB-0FB6DBEDCF83}.Debug|x86.Build.0 = Debug|Any CPU
		{5872AEB3-BAA3-FE31-B0EB-0FB6DBEDCF83}.Release|Any CPU.ActiveCfg = Release|Any CPU
		{5872AEB3-BAA3-FE31-B0EB-0FB6DBEDCF83}.Release|Any CPU.Build.0 = Release|Any CPU
		{5872AEB3-BAA3-FE31-B0EB-0FB6DBEDCF83}.Release|x64.ActiveCfg = Release|Any CPU
		{5872AEB3-BAA3-FE31-B0EB-0FB6DBEDCF83}.Release|x64.Build.0 = Release|Any CPU
		{5872AEB3-BAA3-FE31-B0EB-0FB6DBEDCF83}.Release|x86.ActiveCfg = Release|Any CPU
		{5872AEB3-BAA3-FE31-B0EB-0FB6DBEDCF83}.Release|x86.Build.0 = Release|Any CPU
		{4FCE68BB-F497-8AA1-DB5F-DEE83DB06035}.Debug|Any CPU.ActiveCfg = Debug|Any CPU
		{4FCE68BB-F497-8AA1-DB5F-DEE83DB06035}.Debug|Any CPU.Build.0 = Debug|Any CPU
		{4FCE68BB-F497-8AA1-DB5F-DEE83DB06035}.Debug|x64.ActiveCfg = Debug|Any CPU
		{4FCE68BB-F497-8AA1-DB5F-DEE83DB06035}.Debug|x64.Build.0 = Debug|Any CPU
		{4FCE68BB-F497-8AA1-DB5F-DEE83DB06035}.Debug|x86.ActiveCfg = Debug|Any CPU
		{4FCE68BB-F497-8AA1-DB5F-DEE83DB06035}.Debug|x86.Build.0 = Debug|Any CPU
		{4FCE68BB-F497-8AA1-DB5F-DEE83DB06035}.Release|Any CPU.ActiveCfg = Release|Any CPU
		{4FCE68BB-F497-8AA1-DB5F-DEE83DB06035}.Release|Any CPU.Build.0 = Release|Any CPU
		{4FCE68BB-F497-8AA1-DB5F-DEE83DB06035}.Release|x64.ActiveCfg = Release|Any CPU
		{4FCE68BB-F497-8AA1-DB5F-DEE83DB06035}.Release|x64.Build.0 = Release|Any CPU
		{4FCE68BB-F497-8AA1-DB5F-DEE83DB06035}.Release|x86.ActiveCfg = Release|Any CPU
		{4FCE68BB-F497-8AA1-DB5F-DEE83DB06035}.Release|x86.Build.0 = Release|Any CPU
		{099B16E2-B029-770B-F661-D2EC1AF56156}.Debug|Any CPU.ActiveCfg = Debug|Any CPU
		{099B16E2-B029-770B-F661-D2EC1AF56156}.Debug|Any CPU.Build.0 = Debug|Any CPU
		{099B16E2-B029-770B-F661-D2EC1AF56156}.Debug|x64.ActiveCfg = Debug|Any CPU
		{099B16E2-B029-770B-F661-D2EC1AF56156}.Debug|x64.Build.0 = Debug|Any CPU
		{099B16E2-B029-770B-F661-D2EC1AF56156}.Debug|x86.ActiveCfg = Debug|Any CPU
		{099B16E2-B029-770B-F661-D2EC1AF56156}.Debug|x86.Build.0 = Debug|Any CPU
		{099B16E2-B029-770B-F661-D2EC1AF56156}.Release|Any CPU.ActiveCfg = Release|Any CPU
		{099B16E2-B029-770B-F661-D2EC1AF56156}.Release|Any CPU.Build.0 = Release|Any CPU
		{099B16E2-B029-770B-F661-D2EC1AF56156}.Release|x64.ActiveCfg = Release|Any CPU
		{099B16E2-B029-770B-F661-D2EC1AF56156}.Release|x64.Build.0 = Release|Any CPU
		{099B16E2-B029-770B-F661-D2EC1AF56156}.Release|x86.ActiveCfg = Release|Any CPU
		{099B16E2-B029-770B-F661-D2EC1AF56156}.Release|x86.Build.0 = Release|Any CPU
		{BA177DBB-B92C-4288-B93C-9F82CADE6647}.Debug|Any CPU.ActiveCfg = Debug|Any CPU
		{BA177DBB-B92C-4288-B93C-9F82CADE6647}.Debug|Any CPU.Build.0 = Debug|Any CPU
		{BA177DBB-B92C-4288-B93C-9F82CADE6647}.Debug|x64.ActiveCfg = Debug|Any CPU
		{BA177DBB-B92C-4288-B93C-9F82CADE6647}.Debug|x64.Build.0 = Debug|Any CPU
		{BA177DBB-B92C-4288-B93C-9F82CADE6647}.Debug|x86.ActiveCfg = Debug|Any CPU
		{BA177DBB-B92C-4288-B93C-9F82CADE6647}.Debug|x86.Build.0 = Debug|Any CPU
		{BA177DBB-B92C-4288-B93C-9F82CADE6647}.Release|Any CPU.ActiveCfg = Release|Any CPU
		{BA177DBB-B92C-4288-B93C-9F82CADE6647}.Release|Any CPU.Build.0 = Release|Any CPU
		{BA177DBB-B92C-4288-B93C-9F82CADE6647}.Release|x64.ActiveCfg = Release|Any CPU
		{BA177DBB-B92C-4288-B93C-9F82CADE6647}.Release|x64.Build.0 = Release|Any CPU
		{BA177DBB-B92C-4288-B93C-9F82CADE6647}.Release|x86.ActiveCfg = Release|Any CPU
		{BA177DBB-B92C-4288-B93C-9F82CADE6647}.Release|x86.Build.0 = Release|Any CPU
		{A0CC4358-4F51-449F-A837-942D46702698}.Debug|Any CPU.ActiveCfg = Debug|Any CPU
		{A0CC4358-4F51-449F-A837-942D46702698}.Debug|Any CPU.Build.0 = Debug|Any CPU
		{A0CC4358-4F51-449F-A837-942D46702698}.Debug|x64.ActiveCfg = Debug|Any CPU
		{A0CC4358-4F51-449F-A837-942D46702698}.Debug|x64.Build.0 = Debug|Any CPU
		{A0CC4358-4F51-449F-A837-942D46702698}.Debug|x86.ActiveCfg = Debug|Any CPU
		{A0CC4358-4F51-449F-A837-942D46702698}.Debug|x86.Build.0 = Debug|Any CPU
		{A0CC4358-4F51-449F-A837-942D46702698}.Release|Any CPU.ActiveCfg = Release|Any CPU
		{A0CC4358-4F51-449F-A837-942D46702698}.Release|Any CPU.Build.0 = Release|Any CPU
		{A0CC4358-4F51-449F-A837-942D46702698}.Release|x64.ActiveCfg = Release|Any CPU
		{A0CC4358-4F51-449F-A837-942D46702698}.Release|x64.Build.0 = Release|Any CPU
		{A0CC4358-4F51-449F-A837-942D46702698}.Release|x86.ActiveCfg = Release|Any CPU
		{A0CC4358-4F51-449F-A837-942D46702698}.Release|x86.Build.0 = Release|Any CPU
	EndGlobalSection
	GlobalSection(SolutionProperties) = preSolution
		HideSolutionNode = FALSE
	EndGlobalSection
	GlobalSection(NestedProjects) = preSolution
		{C25E6CC6-5149-4AE3-84F9-3E05DB483F38} = {51202C1F-1C07-42CB-BCC4-D64FD9451A91}
		{14840F9E-D49F-4DD2-ABD7-FA5AD285DB53} = {51202C1F-1C07-42CB-BCC4-D64FD9451A91}
		{CBBF4D08-9C3F-4ED8-B228-549DF70DA8C8} = {51202C1F-1C07-42CB-BCC4-D64FD9451A91}
		{5DCB00EA-268F-4C93-8C77-7177DD3B64DE} = {51202C1F-1C07-42CB-BCC4-D64FD9451A91}
		{F80C4E72-27A0-12B5-0634-DD5C11CFB0C1} = {CBBF4D08-9C3F-4ED8-B228-549DF70DA8C8}
		{E528BBC3-1C26-8C35-F682-23718816ADCD} = {5DCB00EA-268F-4C93-8C77-7177DD3B64DE}
		{5872AEB3-BAA3-FE31-B0EB-0FB6DBEDCF83} = {14840F9E-D49F-4DD2-ABD7-FA5AD285DB53}
		{4FCE68BB-F497-8AA1-DB5F-DEE83DB06035} = {B3154D0A-A228-4018-8E0A-C4D4CA52E690}
		{099B16E2-B029-770B-F661-D2EC1AF56156} = {C25E6CC6-5149-4AE3-84F9-3E05DB483F38}
		{06E0F3F0-33B2-46E4-8157-DDC1FFD00602} = {02EA681E-C7D8-13C7-8484-4AC65E1B71E8}
		{BA177DBB-B92C-4288-B93C-9F82CADE6647} = {06E0F3F0-33B2-46E4-8157-DDC1FFD00602}
		{B3154D0A-A228-4018-8E0A-C4D4CA52E690} = {51202C1F-1C07-42CB-BCC4-D64FD9451A91}
		{A0CC4358-4F51-449F-A837-942D46702698} = {02EA681E-C7D8-13C7-8484-4AC65E1B71E8}
	EndGlobalSection
	GlobalSection(ExtensibilityGlobals) = postSolution
		SolutionGuid = {98394EF5-BDBD-4F73-8B40-6F1B9EA9F24F}
	EndGlobalSection
EndGlobal
