
Microsoft Visual Studio Solution File, Format Version 12.00
Project("{FAE04EC0-301F-11D3-BF4B-00C04F79EFBC}") = "GamesApi", "GamesApi\GamesApi.csproj", "{A09CA89F-5F48-4865-9A76-E76850885883}"
EndProject
Project("{2150E333-8FDC-42A3-9474-1A3956D46DE8}") = "src", "src", "{AE32133E-F0A0-4333-BFE1-5B2A42B368BA}"
EndProject
Project("{2150E333-8FDC-42A3-9474-1A3956D46DE8}") = "apis", "apis", "{9B72A263-DCE5-4DAF-A331-27DB7DDE6E21}"
EndProject
Project("{2150E333-8FDC-42A3-9474-1A3956D46DE8}") = "GamesApi", "GamesApi", "{FE9A44EE-CD06-4E54-9F78-1282EB2748FD}"
EndProject
Project("{2150E333-8FDC-42A3-9474-1A3956D46DE8}") = "infra", "infra", "{9697480F-7E2F-449A-A339-9833CE04608C}"
	ProjectSection(SolutionItems) = preProject
		flexibleserver.bicep = flexibleserver.bicep
	EndProjectSection
EndProject
Project("{2150E333-8FDC-42A3-9474-1A3956D46DE8}") = "core", "core", "{EFF9530B-C888-4C2C-94B3-66FEA963A46A}"
EndProject
Project("{2150E333-8FDC-42A3-9474-1A3956D46DE8}") = "postgresql", "postgresql", "{4B8C4228-D27D-43FB-9B9A-25D0DACE2AA7}"
EndProject
Project("{2150E333-8FDC-42A3-9474-1A3956D46DE8}") = "database", "database", "{56846303-34D0-412F-9B7E-10D76C5CF727}"
EndProject
Global
	GlobalSection(SolutionConfigurationPlatforms) = preSolution
		Debug|Any CPU = Debug|Any CPU
		Release|Any CPU = Release|Any CPU
	EndGlobalSection
	GlobalSection(ProjectConfigurationPlatforms) = postSolution
		{A09CA89F-5F48-4865-9A76-E76850885883}.Debug|Any CPU.ActiveCfg = Debug|Any CPU
		{A09CA89F-5F48-4865-9A76-E76850885883}.Debug|Any CPU.Build.0 = Debug|Any CPU
		{A09CA89F-5F48-4865-9A76-E76850885883}.Release|Any CPU.ActiveCfg = Release|Any CPU
		{A09CA89F-5F48-4865-9A76-E76850885883}.Release|Any CPU.Build.0 = Release|Any CPU
	EndGlobalSection
	GlobalSection(NestedProjects) = preSolution
		{9B72A263-DCE5-4DAF-A331-27DB7DDE6E21} = {AE32133E-F0A0-4333-BFE1-5B2A42B368BA}
		{FE9A44EE-CD06-4E54-9F78-1282EB2748FD} = {9B72A263-DCE5-4DAF-A331-27DB7DDE6E21}
		{A09CA89F-5F48-4865-9A76-E76850885883} = {FE9A44EE-CD06-4E54-9F78-1282EB2748FD}
		{9697480F-7E2F-449A-A339-9833CE04608C} = {AE32133E-F0A0-4333-BFE1-5B2A42B368BA}
		{EFF9530B-C888-4C2C-94B3-66FEA963A46A} = {9697480F-7E2F-449A-A339-9833CE04608C}
		{56846303-34D0-412F-9B7E-10D76C5CF727} = {EFF9530B-C888-4C2C-94B3-66FEA963A46A}
		{4B8C4228-D27D-43FB-9B9A-25D0DACE2AA7} = {56846303-34D0-412F-9B7E-10D76C5CF727}
	EndGlobalSection
EndGlobal
