
Microsoft Visual Studio Solution File, Format Version 12.00
Project("{FAE04EC0-301F-11D3-BF4B-00C04F79EFBC}") = "GamesApi", "apis\GamesApi\GamesApi.csproj", "{A09CA89F-5F48-4865-9A76-E76850885883}"
EndProject
Project("{2150E333-8FDC-42A3-9474-1A3956D46DE8}") = "apis", "apis", "{9B72A263-DCE5-4DAF-A331-27DB7DDE6E21}"
EndProject
Project("{2150E333-8FDC-42A3-9474-1A3956D46DE8}") = "GamesApi", "GamesApi", "{FE9A44EE-CD06-4E54-9F78-1282EB2748FD}"
EndProject
Project("{2150E333-8FDC-42A3-9474-1A3956D46DE8}") = "infra", "infra", "{9697480F-7E2F-449A-A339-9833CE04608C}"
	ProjectSection(SolutionItems) = preProject
		flexibleserver.bicep = flexibleserver.bicep
	EndProjectSection
EndProject
Project("{2150E333-8FDC-42A3-9474-1A3956D46DE8}") = "core", "core", "{EFF9530B-C888-4C2C-94B3-66FEA963A46A}"
EndProject
Project("{2150E333-8FDC-42A3-9474-1A3956D46DE8}") = "postgresql", "postgresql", "{4B8C4228-D27D-43FB-9B9A-25D0DACE2AA7}"
EndProject
Project("{2150E333-8FDC-42A3-9474-1A3956D46DE8}") = "database", "database", "{56846303-34D0-412F-9B7E-10D76C5CF727}"
EndProject
Project("{FAE04EC0-301F-11D3-BF4B-00C04F79EFBC}") = "IdentityApi", "IdentityApi\IdentityApi.csproj", "{E71B3808-9958-4DA8-8F29-AECA80BD0E9C}"
EndProject
Project("{2150E333-8FDC-42A3-9474-1A3956D46DE8}") = "IdentityApi", "IdentityApi", "{C25E6CC6-5149-4AE3-84F9-3E05DB483F38}"
EndProject
Project("{2150E333-8FDC-42A3-9474-1A3956D46DE8}") = "Infrastructure", "Infrastructure", "{14840F9E-D49F-4DD2-ABD7-FA5AD285DB53}"
EndProject
Project("{FAE04EC0-301F-11D3-BF4B-00C04F79EFBC}") = "Infrastructure", "Infrastructure\Infrastructure.csproj", "{417CEBA4-2B8D-4177-A11F-945D3A86C010}"
EndProject
Project("{2150E333-8FDC-42A3-9474-1A3956D46DE8}") = "Application", "Application", "{CBBF4D08-9C3F-4ED8-B228-549DF70DA8C8}"
EndProject
Project("{FAE04EC0-301F-11D3-BF4B-00C04F79EFBC}") = "Application", "Application\Application.csproj", "{DD11E6E7-E6B9-4C9A-8ED4-C116DFC92D9D}"
EndProject
Project("{2150E333-8FDC-42A3-9474-1A3956D46DE8}") = "Domain", "Domain", "{5DCB00EA-268F-4C93-8C77-7177DD3B64DE}"
EndProject
Project("{FAE04EC0-301F-11D3-BF4B-00C04F79EFBC}") = "Domain", "Domain\Domain.csproj", "{447D4661-3A33-442A-870F-6AB9BA6EFAE2}"
EndProject
Project("{FAE04EC0-301F-11D3-BF4B-00C04F79EFBC}") = "Games", "Games\Games.csproj", "{D854A9FF-46BE-4AA3-9EFB-089B03DEE94D}"
EndProject
Project("{FAE04EC0-301F-11D3-BF4B-00C04F79EFBC}") = "Users", "Users\Users.csproj", "{3416EC59-936A-47AD-9567-28D540C68707}"
EndProject
Global
	GlobalSection(SolutionConfigurationPlatforms) = preSolution
		Debug|Any CPU = Debug|Any CPU
		Release|Any CPU = Release|Any CPU
	EndGlobalSection
	GlobalSection(ProjectConfigurationPlatforms) = postSolution
		{A09CA89F-5F48-4865-9A76-E76850885883}.Debug|Any CPU.ActiveCfg = Debug|Any CPU
		{A09CA89F-5F48-4865-9A76-E76850885883}.Debug|Any CPU.Build.0 = Debug|Any CPU
		{A09CA89F-5F48-4865-9A76-E76850885883}.Release|Any CPU.ActiveCfg = Release|Any CPU
		{A09CA89F-5F48-4865-9A76-E76850885883}.Release|Any CPU.Build.0 = Release|Any CPU
		{E71B3808-9958-4DA8-8F29-AECA80BD0E9C}.Debug|Any CPU.ActiveCfg = Debug|Any CPU
		{E71B3808-9958-4DA8-8F29-AECA80BD0E9C}.Debug|Any CPU.Build.0 = Debug|Any CPU
		{E71B3808-9958-4DA8-8F29-AECA80BD0E9C}.Release|Any CPU.ActiveCfg = Release|Any CPU
		{E71B3808-9958-4DA8-8F29-AECA80BD0E9C}.Release|Any CPU.Build.0 = Release|Any CPU
		{417CEBA4-2B8D-4177-A11F-945D3A86C010}.Debug|Any CPU.ActiveCfg = Debug|Any CPU
		{417CEBA4-2B8D-4177-A11F-945D3A86C010}.Debug|Any CPU.Build.0 = Debug|Any CPU
		{417CEBA4-2B8D-4177-A11F-945D3A86C010}.Release|Any CPU.ActiveCfg = Release|Any CPU
		{417CEBA4-2B8D-4177-A11F-945D3A86C010}.Release|Any CPU.Build.0 = Release|Any CPU
		{DD11E6E7-E6B9-4C9A-8ED4-C116DFC92D9D}.Debug|Any CPU.ActiveCfg = Debug|Any CPU
		{DD11E6E7-E6B9-4C9A-8ED4-C116DFC92D9D}.Debug|Any CPU.Build.0 = Debug|Any CPU
		{DD11E6E7-E6B9-4C9A-8ED4-C116DFC92D9D}.Release|Any CPU.ActiveCfg = Release|Any CPU
		{DD11E6E7-E6B9-4C9A-8ED4-C116DFC92D9D}.Release|Any CPU.Build.0 = Release|Any CPU
		{447D4661-3A33-442A-870F-6AB9BA6EFAE2}.Debug|Any CPU.ActiveCfg = Debug|Any CPU
		{447D4661-3A33-442A-870F-6AB9BA6EFAE2}.Debug|Any CPU.Build.0 = Debug|Any CPU
		{447D4661-3A33-442A-870F-6AB9BA6EFAE2}.Release|Any CPU.ActiveCfg = Release|Any CPU
		{447D4661-3A33-442A-870F-6AB9BA6EFAE2}.Release|Any CPU.Build.0 = Release|Any CPU
		{D854A9FF-46BE-4AA3-9EFB-089B03DEE94D}.Debug|Any CPU.ActiveCfg = Debug|Any CPU
		{D854A9FF-46BE-4AA3-9EFB-089B03DEE94D}.Debug|Any CPU.Build.0 = Debug|Any CPU
		{D854A9FF-46BE-4AA3-9EFB-089B03DEE94D}.Release|Any CPU.ActiveCfg = Release|Any CPU
		{D854A9FF-46BE-4AA3-9EFB-089B03DEE94D}.Release|Any CPU.Build.0 = Release|Any CPU
		{3416EC59-936A-47AD-9567-28D540C68707}.Debug|Any CPU.ActiveCfg = Debug|Any CPU
		{3416EC59-936A-47AD-9567-28D540C68707}.Debug|Any CPU.Build.0 = Debug|Any CPU
		{3416EC59-936A-47AD-9567-28D540C68707}.Release|Any CPU.ActiveCfg = Release|Any CPU
		{3416EC59-936A-47AD-9567-28D540C68707}.Release|Any CPU.Build.0 = Release|Any CPU
	EndGlobalSection
	GlobalSection(NestedProjects) = preSolution
		{FE9A44EE-CD06-4E54-9F78-1282EB2748FD} = {9B72A263-DCE5-4DAF-A331-27DB7DDE6E21}
		{A09CA89F-5F48-4865-9A76-E76850885883} = {FE9A44EE-CD06-4E54-9F78-1282EB2748FD}
		{EFF9530B-C888-4C2C-94B3-66FEA963A46A} = {9697480F-7E2F-449A-A339-9833CE04608C}
		{56846303-34D0-412F-9B7E-10D76C5CF727} = {EFF9530B-C888-4C2C-94B3-66FEA963A46A}
		{4B8C4228-D27D-43FB-9B9A-25D0DACE2AA7} = {56846303-34D0-412F-9B7E-10D76C5CF727}
		{C25E6CC6-5149-4AE3-84F9-3E05DB483F38} = {9B72A263-DCE5-4DAF-A331-27DB7DDE6E21}
		{E71B3808-9958-4DA8-8F29-AECA80BD0E9C} = {C25E6CC6-5149-4AE3-84F9-3E05DB483F38}
		{14840F9E-D49F-4DD2-ABD7-FA5AD285DB53} = {9B72A263-DCE5-4DAF-A331-27DB7DDE6E21}
		{417CEBA4-2B8D-4177-A11F-945D3A86C010} = {14840F9E-D49F-4DD2-ABD7-FA5AD285DB53}
		{CBBF4D08-9C3F-4ED8-B228-549DF70DA8C8} = {9B72A263-DCE5-4DAF-A331-27DB7DDE6E21}
		{DD11E6E7-E6B9-4C9A-8ED4-C116DFC92D9D} = {CBBF4D08-9C3F-4ED8-B228-549DF70DA8C8}
		{5DCB00EA-268F-4C93-8C77-7177DD3B64DE} = {9B72A263-DCE5-4DAF-A331-27DB7DDE6E21}
		{447D4661-3A33-442A-870F-6AB9BA6EFAE2} = {5DCB00EA-268F-4C93-8C77-7177DD3B64DE}
		{D854A9FF-46BE-4AA3-9EFB-089B03DEE94D} = {CBBF4D08-9C3F-4ED8-B228-549DF70DA8C8}
		{3416EC59-936A-47AD-9567-28D540C68707} = {CBBF4D08-9C3F-4ED8-B228-549DF70DA8C8}
	EndGlobalSection
EndGlobal
